
Microsoft Visual Studio Solution File, Format Version 12.00
# Visual Studio Version 17
VisualStudioVersion = 17.13.35825.156
MinimumVisualStudioVersion = 10.0.40219.1
Project("{FAE04EC0-301F-11D3-BF4B-00C04F79EFBC}") = "todolistloginsystem", "todolistloginsystem\todolistloginsystem.csproj", "{0B6F1EB0-0DB2-4D28-BB29-124AC2397B6A}"
EndProject
Project("{FAE04EC0-301F-11D3-BF4B-00C04F79EFBC}") = "todolist_BusinessLogic", "BusinessData\todolist_BusinessLogic.csproj", "{7F6A4134-E96C-422D-8380-DA2F0B530B7F}"
EndProject
Project("{FAE04EC0-301F-11D3-BF4B-00C04F79EFBC}") = "todolist_DataLogic", "datalogictask\todolist_DataLogic.csproj", "{61B737D5-527A-4292-919C-D8ACC99A62FA}"
EndProject
Project("{FAE04EC0-301F-11D3-BF4B-00C04F79EFBC}") = "todolist_Common", "todolist_Common\todolist_Common.csproj", "{D8AA05C3-B453-40C7-92AC-B79BAF6FE064}"
EndProject
Project("{2150E333-8FDC-42A3-9474-1A3956D46DE8}") = "Solution Items", "Solution Items", "{8EC462FD-D22E-90A8-E5CE-7E832BA40C5D}"
	ProjectSection(SolutionItems) = preProject
		user.txt = user.txt
	EndProjectSection
EndProject
Project("{FAE04EC0-301F-11D3-BF4B-00C04F79EFBC}") = "todo_Desktop", "todo_Desktop\todo_Desktop.csproj", "{D4C309E1-7253-4EEB-990C-C09D3CA11502}"
EndProject
Global
	GlobalSection(SolutionConfigurationPlatforms) = preSolution
		Debug|Any CPU = Debug|Any CPU
		Release|Any CPU = Release|Any CPU
	EndGlobalSection
	GlobalSection(ProjectConfigurationPlatforms) = postSolution
		{0B6F1EB0-0DB2-4D28-BB29-124AC2397B6A}.Debug|Any CPU.ActiveCfg = Debug|Any CPU
		{0B6F1EB0-0DB2-4D28-BB29-124AC2397B6A}.Debug|Any CPU.Build.0 = Debug|Any CPU
		{0B6F1EB0-0DB2-4D28-BB29-124AC2397B6A}.Release|Any CPU.ActiveCfg = Release|Any CPU
		{0B6F1EB0-0DB2-4D28-BB29-124AC2397B6A}.Release|Any CPU.Build.0 = Release|Any CPU
		{7F6A4134-E96C-422D-8380-DA2F0B530B7F}.Debug|Any CPU.ActiveCfg = Debug|Any CPU
		{7F6A4134-E96C-422D-8380-DA2F0B530B7F}.Debug|Any CPU.Build.0 = Debug|Any CPU
		{7F6A4134-E96C-422D-8380-DA2F0B530B7F}.Release|Any CPU.ActiveCfg = Release|Any CPU
		{7F6A4134-E96C-422D-8380-DA2F0B530B7F}.Release|Any CPU.Build.0 = Release|Any CPU
		{61B737D5-527A-4292-919C-D8ACC99A62FA}.Debug|Any CPU.ActiveCfg = Debug|Any CPU
		{61B737D5-527A-4292-919C-D8ACC99A62FA}.Debug|Any CPU.Build.0 = Debug|Any CPU
		{61B737D5-527A-4292-919C-D8ACC99A62FA}.Release|Any CPU.ActiveCfg = Release|Any CPU
		{61B737D5-527A-4292-919C-D8ACC99A62FA}.Release|Any CPU.Build.0 = Release|Any CPU
		{D8AA05C3-B453-40C7-92AC-B79BAF6FE064}.Debug|Any CPU.ActiveCfg = Debug|Any CPU
		{D8AA05C3-B453-40C7-92AC-B79BAF6FE064}.Debug|Any CPU.Build.0 = Debug|Any CPU
		{D8AA05C3-B453-40C7-92AC-B79BAF6FE064}.Release|Any CPU.ActiveCfg = Release|Any CPU
		{D8AA05C3-B453-40C7-92AC-B79BAF6FE064}.Release|Any CPU.Build.0 = Release|Any CPU
		{D4C309E1-7253-4EEB-990C-C09D3CA11502}.Debug|Any CPU.ActiveCfg = Debug|Any CPU
		{D4C309E1-7253-4EEB-990C-C09D3CA11502}.Debug|Any CPU.Build.0 = Debug|Any CPU
		{D4C309E1-7253-4EEB-990C-C09D3CA11502}.Release|Any CPU.ActiveCfg = Release|Any CPU
		{D4C309E1-7253-4EEB-990C-C09D3CA11502}.Release|Any CPU.Build.0 = Release|Any CPU
	EndGlobalSection
	GlobalSection(SolutionProperties) = preSolution
		HideSolutionNode = FALSE
	EndGlobalSection
	GlobalSection(ExtensibilityGlobals) = postSolution
		SolutionGuid = {B094729C-D072-40AF-949A-0F4C99F09BF8}
	EndGlobalSection
EndGlobal
